// !$*UTF8*$!
{
	archiveVersion = 1;
	classes = {
	};
	objectVersion = 46;
	objects = {

/* Begin PBXBuildFile section */
		37135AC72084A1B80019ADA1 /* NSObject+LXJsonModel.m in Sources */ = {isa = PBXBuildFile; fileRef = 37135AC62084A1B80019ADA1 /* NSObject+LXJsonModel.m */; };
		37135AD02089938B0019ADA1 /* SJTPayModel.m in Sources */ = {isa = PBXBuildFile; fileRef = 37135ACF2089938B0019ADA1 /* SJTPayModel.m */; };
		37135ADB208F04CB0019ADA1 /* LXJSCodeGenerator.m in Sources */ = {isa = PBXBuildFile; fileRef = 37135ADA208F04CB0019ADA1 /* LXJSCodeGenerator.m */; };
		37135ADE208F04F10019ADA1 /* LXRouterInputValidate.m in Sources */ = {isa = PBXBuildFile; fileRef = 37135ADD208F04F10019ADA1 /* LXRouterInputValidate.m */; };
		37135AE2208F06390019ADA1 /* LXParamsInfoTree.m in Sources */ = {isa = PBXBuildFile; fileRef = 37135AE1208F06390019ADA1 /* LXParamsInfoTree.m */; };
		37135AF3208F166B0019ADA1 /* AFURLResponseSerialization.m in Sources */ = {isa = PBXBuildFile; fileRef = 37135AEA208F166B0019ADA1 /* AFURLResponseSerialization.m */; };
		37135AF4208F166B0019ADA1 /* AFHTTPSessionManager.m in Sources */ = {isa = PBXBuildFile; fileRef = 37135AEB208F166B0019ADA1 /* AFHTTPSessionManager.m */; };
		37135AF5208F166B0019ADA1 /* AFURLSessionManager.m in Sources */ = {isa = PBXBuildFile; fileRef = 37135AED208F166B0019ADA1 /* AFURLSessionManager.m */; };
		37135AF6208F166B0019ADA1 /* AFURLRequestSerialization.m in Sources */ = {isa = PBXBuildFile; fileRef = 37135AEE208F166B0019ADA1 /* AFURLRequestSerialization.m */; };
		37135AF7208F166B0019ADA1 /* AFNetworkReachabilityManager.m in Sources */ = {isa = PBXBuildFile; fileRef = 37135AF0208F166B0019ADA1 /* AFNetworkReachabilityManager.m */; };
		37135AF8208F166B0019ADA1 /* AFSecurityPolicy.m in Sources */ = {isa = PBXBuildFile; fileRef = 37135AF1208F166B0019ADA1 /* AFSecurityPolicy.m */; };
		37135AFF208F2E610019ADA1 /* LXJSBridgeAnalysis.m in Sources */ = {isa = PBXBuildFile; fileRef = 37135AFE208F2E610019ADA1 /* LXJSBridgeAnalysis.m */; };
		37135B082090703C0019ADA1 /* JSTestWebViewController.m in Sources */ = {isa = PBXBuildFile; fileRef = 37135B072090703C0019ADA1 /* JSTestWebViewController.m */; };
		37385863207B52C4001D34F4 /* LXRouterTools.m in Sources */ = {isa = PBXBuildFile; fileRef = 37385862207B52C4001D34F4 /* LXRouterTools.m */; };
		37385867207B6314001D34F4 /* sjt_app.js in Resources */ = {isa = PBXBuildFile; fileRef = 37385866207B6314001D34F4 /* sjt_app.js */; };
		37385869207B88CE001D34F4 /* sjt_JSTestBase.html in Resources */ = {isa = PBXBuildFile; fileRef = 37385868207B88CE001D34F4 /* sjt_JSTestBase.html */; };
		375F7C7A209C29B2003C50FC /* Pay58Controller.m in Sources */ = {isa = PBXBuildFile; fileRef = 375F7C79209C29B2003C50FC /* Pay58Controller.m */; };
		375F7C7C209C2CE7003C50FC /* sjt_JSTestRun.html in Resources */ = {isa = PBXBuildFile; fileRef = 375F7C7B209C2CE6003C50FC /* sjt_JSTestRun.html */; };
		375F7C7F209C2D34003C50FC /* pay58TestViewController.m in Sources */ = {isa = PBXBuildFile; fileRef = 375F7C7E209C2D34003C50FC /* pay58TestViewController.m */; };
		375F7C85209C33E2003C50FC /* SJTPayResult.m in Sources */ = {isa = PBXBuildFile; fileRef = 375F7C84209C33E2003C50FC /* SJTPayResult.m */; };
		375F7C89209C3506003C50FC /* sjt_appBridge.js in Resources */ = {isa = PBXBuildFile; fileRef = 375F7C88209C3506003C50FC /* sjt_appBridge.js */; };
		37675DCC2092D01F0049DE07 /* SJTNativeImagePicker.m in Sources */ = {isa = PBXBuildFile; fileRef = 37675DCB2092D01F0049DE07 /* SJTNativeImagePicker.m */; };
		37675DCF2092D2A00049DE07 /* SJTCountEvent.m in Sources */ = {isa = PBXBuildFile; fileRef = 37675DCE2092D2A00049DE07 /* SJTCountEvent.m */; };
		37675DD22092D3840049DE07 /* SJTOpenNative.m in Sources */ = {isa = PBXBuildFile; fileRef = 37675DD12092D3840049DE07 /* SJTOpenNative.m */; };
		37675DD52092F61D0049DE07 /* SJTOpenWebView.m in Sources */ = {isa = PBXBuildFile; fileRef = 37675DD42092F61D0049DE07 /* SJTOpenWebView.m */; };
		37675DD82092F7460049DE07 /* SJTPostGoods.m in Sources */ = {isa = PBXBuildFile; fileRef = 37675DD72092F7460049DE07 /* SJTPostGoods.m */; };
		37BC22D4200C5CAC00AAFB5A /* main.m in Sources */ = {isa = PBXBuildFile; fileRef = 37BC22D3200C5CAC00AAFB5A /* main.m */; };
		37BC22D7200C5CAC00AAFB5A /* AppDelegate.m in Sources */ = {isa = PBXBuildFile; fileRef = 37BC22D6200C5CAC00AAFB5A /* AppDelegate.m */; };
		37BC22DA200C5CAC00AAFB5A /* ViewController.m in Sources */ = {isa = PBXBuildFile; fileRef = 37BC22D9200C5CAC00AAFB5A /* ViewController.m */; };
		37BC22DF200C5CAC00AAFB5A /* Assets.xcassets in Resources */ = {isa = PBXBuildFile; fileRef = 37BC22DE200C5CAC00AAFB5A /* Assets.xcassets */; };
		37BC22E2200C5CAC00AAFB5A /* LaunchScreen.storyboard in Resources */ = {isa = PBXBuildFile; fileRef = 37BC22E0200C5CAC00AAFB5A /* LaunchScreen.storyboard */; };
		37BC22ED200C5CAC00AAFB5A /* LXRouterTests.m in Sources */ = {isa = PBXBuildFile; fileRef = 37BC22EC200C5CAC00AAFB5A /* LXRouterTests.m */; };
		37BC22F8200C5CAC00AAFB5A /* LXRouterUITests.m in Sources */ = {isa = PBXBuildFile; fileRef = 37BC22F7200C5CAC00AAFB5A /* LXRouterUITests.m */; };
		37BC230A200C7C0500AAFB5A /* LXRouter.m in Sources */ = {isa = PBXBuildFile; fileRef = 37BC2309200C7C0500AAFB5A /* LXRouter.m */; };
		37BC230D200C7E7E00AAFB5A /* LXRouterInfo.m in Sources */ = {isa = PBXBuildFile; fileRef = 37BC230C200C7E7E00AAFB5A /* LXRouterInfo.m */; };
		37BC2310200DE14400AAFB5A /* TextViewController.m in Sources */ = {isa = PBXBuildFile; fileRef = 37BC230F200DE14400AAFB5A /* TextViewController.m */; };
		37BC2313200DE53100AAFB5A /* PresentViewController.m in Sources */ = {isa = PBXBuildFile; fileRef = 37BC2312200DE53100AAFB5A /* PresentViewController.m */; };
		37DD76EF20807B6500A7ECCA /* NSObject+YYModel.m in Sources */ = {isa = PBXBuildFile; fileRef = 37DD76EC20807B6400A7ECCA /* NSObject+YYModel.m */; };
		37DD76F020807B6500A7ECCA /* YYClassInfo.m in Sources */ = {isa = PBXBuildFile; fileRef = 37DD76ED20807B6400A7ECCA /* YYClassInfo.m */; };
		37DD76F52080821800A7ECCA /* TypeAnnotation.m in Sources */ = {isa = PBXBuildFile; fileRef = 37DD76F42080821800A7ECCA /* TypeAnnotation.m */; };
/* End PBXBuildFile section */

/* Begin PBXContainerItemProxy section */
		37BC22E9200C5CAC00AAFB5A /* PBXContainerItemProxy */ = {
			isa = PBXContainerItemProxy;
			containerPortal = 37BC22C7200C5CAC00AAFB5A /* Project object */;
			proxyType = 1;
			remoteGlobalIDString = 37BC22CE200C5CAC00AAFB5A;
			remoteInfo = LXRouter;
		};
		37BC22F4200C5CAC00AAFB5A /* PBXContainerItemProxy */ = {
			isa = PBXContainerItemProxy;
			containerPortal = 37BC22C7200C5CAC00AAFB5A /* Project object */;
			proxyType = 1;
			remoteGlobalIDString = 37BC22CE200C5CAC00AAFB5A;
			remoteInfo = LXRouter;
		};
/* End PBXContainerItemProxy section */

/* Begin PBXFileReference section */
		37135AC52084A1B80019ADA1 /* NSObject+LXJsonModel.h */ = {isa = PBXFileReference; lastKnownFileType = sourcecode.c.h; path = "NSObject+LXJsonModel.h"; sourceTree = "<group>"; };
		37135AC62084A1B80019ADA1 /* NSObject+LXJsonModel.m */ = {isa = PBXFileReference; lastKnownFileType = sourcecode.c.objc; path = "NSObject+LXJsonModel.m"; sourceTree = "<group>"; };
		37135ACE2089938B0019ADA1 /* SJTPayModel.h */ = {isa = PBXFileReference; lastKnownFileType = sourcecode.c.h; path = SJTPayModel.h; sourceTree = "<group>"; };
		37135ACF2089938B0019ADA1 /* SJTPayModel.m */ = {isa = PBXFileReference; lastKnownFileType = sourcecode.c.objc; path = SJTPayModel.m; sourceTree = "<group>"; };
		37135AD42089E78D0019ADA1 /* LXRouterPrivate.h */ = {isa = PBXFileReference; lastKnownFileType = sourcecode.c.h; path = LXRouterPrivate.h; sourceTree = "<group>"; };
		37135AD9208F04CB0019ADA1 /* LXJSCodeGenerator.h */ = {isa = PBXFileReference; lastKnownFileType = sourcecode.c.h; path = LXJSCodeGenerator.h; sourceTree = "<group>"; };
		37135ADA208F04CB0019ADA1 /* LXJSCodeGenerator.m */ = {isa = PBXFileReference; lastKnownFileType = sourcecode.c.objc; path = LXJSCodeGenerator.m; sourceTree = "<group>"; };
		37135ADC208F04F10019ADA1 /* LXRouterInputValidate.h */ = {isa = PBXFileReference; lastKnownFileType = sourcecode.c.h; path = LXRouterInputValidate.h; sourceTree = "<group>"; };
		37135ADD208F04F10019ADA1 /* LXRouterInputValidate.m */ = {isa = PBXFileReference; lastKnownFileType = sourcecode.c.objc; path = LXRouterInputValidate.m; sourceTree = "<group>"; };
		37135AE0208F06390019ADA1 /* LXParamsInfoTree.h */ = {isa = PBXFileReference; lastKnownFileType = sourcecode.c.h; path = LXParamsInfoTree.h; sourceTree = "<group>"; };
		37135AE1208F06390019ADA1 /* LXParamsInfoTree.m */ = {isa = PBXFileReference; lastKnownFileType = sourcecode.c.objc; path = LXParamsInfoTree.m; sourceTree = "<group>"; };
		37135AE6208F166B0019ADA1 /* AFSecurityPolicy.h */ = {isa = PBXFileReference; fileEncoding = 4; lastKnownFileType = sourcecode.c.h; path = AFSecurityPolicy.h; sourceTree = "<group>"; };
		37135AE7208F166B0019ADA1 /* AFNetworkReachabilityManager.h */ = {isa = PBXFileReference; fileEncoding = 4; lastKnownFileType = sourcecode.c.h; path = AFNetworkReachabilityManager.h; sourceTree = "<group>"; };
		37135AE8208F166B0019ADA1 /* AFURLSessionManager.h */ = {isa = PBXFileReference; fileEncoding = 4; lastKnownFileType = sourcecode.c.h; path = AFURLSessionManager.h; sourceTree = "<group>"; };
		37135AE9208F166B0019ADA1 /* AFURLRequestSerialization.h */ = {isa = PBXFileReference; fileEncoding = 4; lastKnownFileType = sourcecode.c.h; path = AFURLRequestSerialization.h; sourceTree = "<group>"; };
		37135AEA208F166B0019ADA1 /* AFURLResponseSerialization.m */ = {isa = PBXFileReference; fileEncoding = 4; lastKnownFileType = sourcecode.c.objc; path = AFURLResponseSerialization.m; sourceTree = "<group>"; };
		37135AEB208F166B0019ADA1 /* AFHTTPSessionManager.m */ = {isa = PBXFileReference; fileEncoding = 4; lastKnownFileType = sourcecode.c.objc; path = AFHTTPSessionManager.m; sourceTree = "<group>"; };
		37135AEC208F166B0019ADA1 /* AFURLResponseSerialization.h */ = {isa = PBXFileReference; fileEncoding = 4; lastKnownFileType = sourcecode.c.h; path = AFURLResponseSerialization.h; sourceTree = "<group>"; };
		37135AED208F166B0019ADA1 /* AFURLSessionManager.m */ = {isa = PBXFileReference; fileEncoding = 4; lastKnownFileType = sourcecode.c.objc; path = AFURLSessionManager.m; sourceTree = "<group>"; };
		37135AEE208F166B0019ADA1 /* AFURLRequestSerialization.m */ = {isa = PBXFileReference; fileEncoding = 4; lastKnownFileType = sourcecode.c.objc; path = AFURLRequestSerialization.m; sourceTree = "<group>"; };
		37135AEF208F166B0019ADA1 /* AFNetworking.h */ = {isa = PBXFileReference; fileEncoding = 4; lastKnownFileType = sourcecode.c.h; path = AFNetworking.h; sourceTree = "<group>"; };
		37135AF0208F166B0019ADA1 /* AFNetworkReachabilityManager.m */ = {isa = PBXFileReference; fileEncoding = 4; lastKnownFileType = sourcecode.c.objc; path = AFNetworkReachabilityManager.m; sourceTree = "<group>"; };
		37135AF1208F166B0019ADA1 /* AFSecurityPolicy.m */ = {isa = PBXFileReference; fileEncoding = 4; lastKnownFileType = sourcecode.c.objc; path = AFSecurityPolicy.m; sourceTree = "<group>"; };
		37135AF2208F166B0019ADA1 /* AFHTTPSessionManager.h */ = {isa = PBXFileReference; fileEncoding = 4; lastKnownFileType = sourcecode.c.h; path = AFHTTPSessionManager.h; sourceTree = "<group>"; };
		37135AFD208F2E610019ADA1 /* LXJSBridgeAnalysis.h */ = {isa = PBXFileReference; lastKnownFileType = sourcecode.c.h; path = LXJSBridgeAnalysis.h; sourceTree = "<group>"; };
		37135AFE208F2E610019ADA1 /* LXJSBridgeAnalysis.m */ = {isa = PBXFileReference; lastKnownFileType = sourcecode.c.objc; path = LXJSBridgeAnalysis.m; sourceTree = "<group>"; };
		37135B062090703C0019ADA1 /* JSTestWebViewController.h */ = {isa = PBXFileReference; lastKnownFileType = sourcecode.c.h; path = JSTestWebViewController.h; sourceTree = "<group>"; };
		37135B072090703C0019ADA1 /* JSTestWebViewController.m */ = {isa = PBXFileReference; lastKnownFileType = sourcecode.c.objc; path = JSTestWebViewController.m; sourceTree = "<group>"; };
		37385861207B52C4001D34F4 /* LXRouterTools.h */ = {isa = PBXFileReference; lastKnownFileType = sourcecode.c.h; path = LXRouterTools.h; sourceTree = "<group>"; };
		37385862207B52C4001D34F4 /* LXRouterTools.m */ = {isa = PBXFileReference; lastKnownFileType = sourcecode.c.objc; path = LXRouterTools.m; sourceTree = "<group>"; };
		37385866207B6314001D34F4 /* sjt_app.js */ = {isa = PBXFileReference; fileEncoding = 4; lastKnownFileType = sourcecode.javascript; path = sjt_app.js; sourceTree = "<group>"; };
		37385868207B88CE001D34F4 /* sjt_JSTestBase.html */ = {isa = PBXFileReference; fileEncoding = 4; lastKnownFileType = text.html; path = sjt_JSTestBase.html; sourceTree = "<group>"; };
		375F7C78209C29B2003C50FC /* Pay58Controller.h */ = {isa = PBXFileReference; lastKnownFileType = sourcecode.c.h; path = Pay58Controller.h; sourceTree = "<group>"; };
		375F7C79209C29B2003C50FC /* Pay58Controller.m */ = {isa = PBXFileReference; lastKnownFileType = sourcecode.c.objc; path = Pay58Controller.m; sourceTree = "<group>"; };
		375F7C7B209C2CE6003C50FC /* sjt_JSTestRun.html */ = {isa = PBXFileReference; fileEncoding = 4; lastKnownFileType = text.html; path = sjt_JSTestRun.html; sourceTree = "<group>"; };
		375F7C7D209C2D34003C50FC /* pay58TestViewController.h */ = {isa = PBXFileReference; lastKnownFileType = sourcecode.c.h; path = pay58TestViewController.h; sourceTree = "<group>"; };
		375F7C7E209C2D34003C50FC /* pay58TestViewController.m */ = {isa = PBXFileReference; lastKnownFileType = sourcecode.c.objc; path = pay58TestViewController.m; sourceTree = "<group>"; };
		375F7C83209C33E2003C50FC /* SJTPayResult.h */ = {isa = PBXFileReference; lastKnownFileType = sourcecode.c.h; path = SJTPayResult.h; sourceTree = "<group>"; };
		375F7C84209C33E2003C50FC /* SJTPayResult.m */ = {isa = PBXFileReference; lastKnownFileType = sourcecode.c.objc; path = SJTPayResult.m; sourceTree = "<group>"; };
		375F7C88209C3506003C50FC /* sjt_appBridge.js */ = {isa = PBXFileReference; fileEncoding = 4; lastKnownFileType = sourcecode.javascript; path = sjt_appBridge.js; sourceTree = "<group>"; };
		37675DCA2092D01F0049DE07 /* SJTNativeImagePicker.h */ = {isa = PBXFileReference; lastKnownFileType = sourcecode.c.h; path = SJTNativeImagePicker.h; sourceTree = "<group>"; };
		37675DCB2092D01F0049DE07 /* SJTNativeImagePicker.m */ = {isa = PBXFileReference; lastKnownFileType = sourcecode.c.objc; path = SJTNativeImagePicker.m; sourceTree = "<group>"; };
		37675DCD2092D2A00049DE07 /* SJTCountEvent.h */ = {isa = PBXFileReference; lastKnownFileType = sourcecode.c.h; path = SJTCountEvent.h; sourceTree = "<group>"; };
		37675DCE2092D2A00049DE07 /* SJTCountEvent.m */ = {isa = PBXFileReference; lastKnownFileType = sourcecode.c.objc; path = SJTCountEvent.m; sourceTree = "<group>"; };
		37675DD02092D3840049DE07 /* SJTOpenNative.h */ = {isa = PBXFileReference; lastKnownFileType = sourcecode.c.h; path = SJTOpenNative.h; sourceTree = "<group>"; };
		37675DD12092D3840049DE07 /* SJTOpenNative.m */ = {isa = PBXFileReference; lastKnownFileType = sourcecode.c.objc; path = SJTOpenNative.m; sourceTree = "<group>"; };
		37675DD32092F61D0049DE07 /* SJTOpenWebView.h */ = {isa = PBXFileReference; lastKnownFileType = sourcecode.c.h; path = SJTOpenWebView.h; sourceTree = "<group>"; };
		37675DD42092F61D0049DE07 /* SJTOpenWebView.m */ = {isa = PBXFileReference; lastKnownFileType = sourcecode.c.objc; path = SJTOpenWebView.m; sourceTree = "<group>"; };
		37675DD62092F7460049DE07 /* SJTPostGoods.h */ = {isa = PBXFileReference; lastKnownFileType = sourcecode.c.h; path = SJTPostGoods.h; sourceTree = "<group>"; };
		37675DD72092F7460049DE07 /* SJTPostGoods.m */ = {isa = PBXFileReference; lastKnownFileType = sourcecode.c.objc; path = SJTPostGoods.m; sourceTree = "<group>"; };
		37BC22CF200C5CAC00AAFB5A /* LXRouter.app */ = {isa = PBXFileReference; explicitFileType = wrapper.application; includeInIndex = 0; path = LXRouter.app; sourceTree = BUILT_PRODUCTS_DIR; };
		37BC22D3200C5CAC00AAFB5A /* main.m */ = {isa = PBXFileReference; lastKnownFileType = sourcecode.c.objc; path = main.m; sourceTree = "<group>"; };
		37BC22D5200C5CAC00AAFB5A /* AppDelegate.h */ = {isa = PBXFileReference; lastKnownFileType = sourcecode.c.h; path = AppDelegate.h; sourceTree = "<group>"; };
		37BC22D6200C5CAC00AAFB5A /* AppDelegate.m */ = {isa = PBXFileReference; lastKnownFileType = sourcecode.c.objc; path = AppDelegate.m; sourceTree = "<group>"; };
		37BC22D8200C5CAC00AAFB5A /* ViewController.h */ = {isa = PBXFileReference; lastKnownFileType = sourcecode.c.h; path = ViewController.h; sourceTree = "<group>"; };
		37BC22D9200C5CAC00AAFB5A /* ViewController.m */ = {isa = PBXFileReference; lastKnownFileType = sourcecode.c.objc; path = ViewController.m; sourceTree = "<group>"; };
		37BC22DE200C5CAC00AAFB5A /* Assets.xcassets */ = {isa = PBXFileReference; lastKnownFileType = folder.assetcatalog; path = Assets.xcassets; sourceTree = "<group>"; };
		37BC22E1200C5CAC00AAFB5A /* Base */ = {isa = PBXFileReference; lastKnownFileType = file.storyboard; name = Base; path = Base.lproj/LaunchScreen.storyboard; sourceTree = "<group>"; };
		37BC22E3200C5CAC00AAFB5A /* Info.plist */ = {isa = PBXFileReference; lastKnownFileType = text.plist.xml; path = Info.plist; sourceTree = "<group>"; };
		37BC22E8200C5CAC00AAFB5A /* LXRouterTests.xctest */ = {isa = PBXFileReference; explicitFileType = wrapper.cfbundle; includeInIndex = 0; path = LXRouterTests.xctest; sourceTree = BUILT_PRODUCTS_DIR; };
		37BC22EC200C5CAC00AAFB5A /* LXRouterTests.m */ = {isa = PBXFileReference; lastKnownFileType = sourcecode.c.objc; path = LXRouterTests.m; sourceTree = "<group>"; };
		37BC22EE200C5CAC00AAFB5A /* Info.plist */ = {isa = PBXFileReference; lastKnownFileType = text.plist.xml; path = Info.plist; sourceTree = "<group>"; };
		37BC22F3200C5CAC00AAFB5A /* LXRouterUITests.xctest */ = {isa = PBXFileReference; explicitFileType = wrapper.cfbundle; includeInIndex = 0; path = LXRouterUITests.xctest; sourceTree = BUILT_PRODUCTS_DIR; };
		37BC22F7200C5CAC00AAFB5A /* LXRouterUITests.m */ = {isa = PBXFileReference; lastKnownFileType = sourcecode.c.objc; path = LXRouterUITests.m; sourceTree = "<group>"; };
		37BC22F9200C5CAC00AAFB5A /* Info.plist */ = {isa = PBXFileReference; lastKnownFileType = text.plist.xml; path = Info.plist; sourceTree = "<group>"; };
		37BC2308200C7C0500AAFB5A /* LXRouter.h */ = {isa = PBXFileReference; fileEncoding = 4; lastKnownFileType = sourcecode.c.h; path = LXRouter.h; sourceTree = "<group>"; };
		37BC2309200C7C0500AAFB5A /* LXRouter.m */ = {isa = PBXFileReference; fileEncoding = 4; lastKnownFileType = sourcecode.c.objc; path = LXRouter.m; sourceTree = "<group>"; };
		37BC230B200C7E7E00AAFB5A /* LXRouterInfo.h */ = {isa = PBXFileReference; fileEncoding = 4; lastKnownFileType = sourcecode.c.h; path = LXRouterInfo.h; sourceTree = "<group>"; };
		37BC230C200C7E7E00AAFB5A /* LXRouterInfo.m */ = {isa = PBXFileReference; fileEncoding = 4; lastKnownFileType = sourcecode.c.objc; path = LXRouterInfo.m; sourceTree = "<group>"; };
		37BC230E200DE14400AAFB5A /* TextViewController.h */ = {isa = PBXFileReference; fileEncoding = 4; lastKnownFileType = sourcecode.c.h; path = TextViewController.h; sourceTree = "<group>"; };
		37BC230F200DE14400AAFB5A /* TextViewController.m */ = {isa = PBXFileReference; fileEncoding = 4; lastKnownFileType = sourcecode.c.objc; path = TextViewController.m; sourceTree = "<group>"; };
		37BC2311200DE53100AAFB5A /* PresentViewController.h */ = {isa = PBXFileReference; fileEncoding = 4; lastKnownFileType = sourcecode.c.h; path = PresentViewController.h; sourceTree = "<group>"; };
		37BC2312200DE53100AAFB5A /* PresentViewController.m */ = {isa = PBXFileReference; fileEncoding = 4; lastKnownFileType = sourcecode.c.objc; path = PresentViewController.m; sourceTree = "<group>"; };
		37DD76EA20807B6400A7ECCA /* YYClassInfo.h */ = {isa = PBXFileReference; fileEncoding = 4; lastKnownFileType = sourcecode.c.h; path = YYClassInfo.h; sourceTree = "<group>"; };
		37DD76EB20807B6400A7ECCA /* YYModel.h */ = {isa = PBXFileReference; fileEncoding = 4; lastKnownFileType = sourcecode.c.h; path = YYModel.h; sourceTree = "<group>"; };
		37DD76EC20807B6400A7ECCA /* NSObject+YYModel.m */ = {isa = PBXFileReference; fileEncoding = 4; lastKnownFileType = sourcecode.c.objc; path = "NSObject+YYModel.m"; sourceTree = "<group>"; };
		37DD76ED20807B6400A7ECCA /* YYClassInfo.m */ = {isa = PBXFileReference; fileEncoding = 4; lastKnownFileType = sourcecode.c.objc; path = YYClassInfo.m; sourceTree = "<group>"; };
		37DD76EE20807B6400A7ECCA /* NSObject+YYModel.h */ = {isa = PBXFileReference; fileEncoding = 4; lastKnownFileType = sourcecode.c.h; path = "NSObject+YYModel.h"; sourceTree = "<group>"; };
		37DD76F32080821800A7ECCA /* TypeAnnotation.h */ = {isa = PBXFileReference; lastKnownFileType = sourcecode.c.h; path = TypeAnnotation.h; sourceTree = "<group>"; };
		37DD76F42080821800A7ECCA /* TypeAnnotation.m */ = {isa = PBXFileReference; lastKnownFileType = sourcecode.c.objc; path = TypeAnnotation.m; sourceTree = "<group>"; };
/* End PBXFileReference section */

/* Begin PBXFrameworksBuildPhase section */
		37BC22CC200C5CAC00AAFB5A /* Frameworks */ = {
			isa = PBXFrameworksBuildPhase;
			buildActionMask = 2147483647;
			files = (
			);
			runOnlyForDeploymentPostprocessing = 0;
		};
		37BC22E5200C5CAC00AAFB5A /* Frameworks */ = {
			isa = PBXFrameworksBuildPhase;
			buildActionMask = 2147483647;
			files = (
			);
			runOnlyForDeploymentPostprocessing = 0;
		};
		37BC22F0200C5CAC00AAFB5A /* Frameworks */ = {
			isa = PBXFrameworksBuildPhase;
			buildActionMask = 2147483647;
			files = (
			);
			runOnlyForDeploymentPostprocessing = 0;
		};
/* End PBXFrameworksBuildPhase section */

/* Begin PBXGroup section */
		37135AC82085E14B0019ADA1 /* LXJSONModel */ = {
			isa = PBXGroup;
			children = (
				37135AC52084A1B80019ADA1 /* NSObject+LXJsonModel.h */,
				37135AC62084A1B80019ADA1 /* NSObject+LXJsonModel.m */,
			);
			path = LXJSONModel;
			sourceTree = "<group>";
		};
		37135ADF208F05020019ADA1 /* LXRouterTools */ = {
			isa = PBXGroup;
			children = (
				37DD76F32080821800A7ECCA /* TypeAnnotation.h */,
				37DD76F42080821800A7ECCA /* TypeAnnotation.m */,
				37385861207B52C4001D34F4 /* LXRouterTools.h */,
				37385862207B52C4001D34F4 /* LXRouterTools.m */,
				37135ADC208F04F10019ADA1 /* LXRouterInputValidate.h */,
				37135ADD208F04F10019ADA1 /* LXRouterInputValidate.m */,
				37135AD9208F04CB0019ADA1 /* LXJSCodeGenerator.h */,
				37135ADA208F04CB0019ADA1 /* LXJSCodeGenerator.m */,
				37135AE0208F06390019ADA1 /* LXParamsInfoTree.h */,
				37135AE1208F06390019ADA1 /* LXParamsInfoTree.m */,
			);
			path = LXRouterTools;
			sourceTree = "<group>";
		};
		37135AE5208F166B0019ADA1 /* AFNetworking */ = {
			isa = PBXGroup;
			children = (
				37135AE6208F166B0019ADA1 /* AFSecurityPolicy.h */,
				37135AE7208F166B0019ADA1 /* AFNetworkReachabilityManager.h */,
				37135AE8208F166B0019ADA1 /* AFURLSessionManager.h */,
				37135AE9208F166B0019ADA1 /* AFURLRequestSerialization.h */,
				37135AEA208F166B0019ADA1 /* AFURLResponseSerialization.m */,
				37135AEB208F166B0019ADA1 /* AFHTTPSessionManager.m */,
				37135AEC208F166B0019ADA1 /* AFURLResponseSerialization.h */,
				37135AED208F166B0019ADA1 /* AFURLSessionManager.m */,
				37135AEE208F166B0019ADA1 /* AFURLRequestSerialization.m */,
				37135AEF208F166B0019ADA1 /* AFNetworking.h */,
				37135AF0208F166B0019ADA1 /* AFNetworkReachabilityManager.m */,
				37135AF1208F166B0019ADA1 /* AFSecurityPolicy.m */,
				37135AF2208F166B0019ADA1 /* AFHTTPSessionManager.h */,
			);
			path = AFNetworking;
			sourceTree = "<group>";
		};
		37135AFC208F2DF80019ADA1 /* LXJSBridgeAnalysis */ = {
			isa = PBXGroup;
			children = (
				37135AFD208F2E610019ADA1 /* LXJSBridgeAnalysis.h */,
				37135AFE208F2E610019ADA1 /* LXJSBridgeAnalysis.m */,
			);
			path = LXJSBridgeAnalysis;
			sourceTree = "<group>";
		};
		37135B092090704B0019ADA1 /* Controllers */ = {
			isa = PBXGroup;
			children = (
				375F7C82209C31A4003C50FC /* demo */,
				37BC22D8200C5CAC00AAFB5A /* ViewController.h */,
				37BC22D9200C5CAC00AAFB5A /* ViewController.m */,
				37BC230E200DE14400AAFB5A /* TextViewController.h */,
				37BC230F200DE14400AAFB5A /* TextViewController.m */,
				37BC2311200DE53100AAFB5A /* PresentViewController.h */,
				37BC2312200DE53100AAFB5A /* PresentViewController.m */,
				37135B062090703C0019ADA1 /* JSTestWebViewController.h */,
				37135B072090703C0019ADA1 /* JSTestWebViewController.m */,
			);
			path = Controllers;
			sourceTree = "<group>";
		};
		37135B0A209070640019ADA1 /* Models */ = {
			isa = PBXGroup;
			children = (
				37135ACE2089938B0019ADA1 /* SJTPayModel.h */,
				37135ACF2089938B0019ADA1 /* SJTPayModel.m */,
				37675DCA2092D01F0049DE07 /* SJTNativeImagePicker.h */,
				37675DCB2092D01F0049DE07 /* SJTNativeImagePicker.m */,
				37675DCD2092D2A00049DE07 /* SJTCountEvent.h */,
				37675DCE2092D2A00049DE07 /* SJTCountEvent.m */,
				37675DD02092D3840049DE07 /* SJTOpenNative.h */,
				37675DD12092D3840049DE07 /* SJTOpenNative.m */,
				37675DD32092F61D0049DE07 /* SJTOpenWebView.h */,
				37675DD42092F61D0049DE07 /* SJTOpenWebView.m */,
				37675DD62092F7460049DE07 /* SJTPostGoods.h */,
				37675DD72092F7460049DE07 /* SJTPostGoods.m */,
				375F7C83209C33E2003C50FC /* SJTPayResult.h */,
				375F7C84209C33E2003C50FC /* SJTPayResult.m */,
			);
			path = Models;
			sourceTree = "<group>";
		};
		375F7C82209C31A4003C50FC /* demo */ = {
			isa = PBXGroup;
			children = (
				375F7C88209C3506003C50FC /* sjt_appBridge.js */,
				375F7C7B209C2CE6003C50FC /* sjt_JSTestRun.html */,
				375F7C78209C29B2003C50FC /* Pay58Controller.h */,
				375F7C79209C29B2003C50FC /* Pay58Controller.m */,
				375F7C7D209C2D34003C50FC /* pay58TestViewController.h */,
				375F7C7E209C2D34003C50FC /* pay58TestViewController.m */,
			);
			path = demo;
			sourceTree = "<group>";
		};
		37BC22C6200C5CAC00AAFB5A = {
			isa = PBXGroup;
			children = (
				37BC22D1200C5CAC00AAFB5A /* LXRouter */,
				37BC22EB200C5CAC00AAFB5A /* LXRouterTests */,
				37BC22F6200C5CAC00AAFB5A /* LXRouterUITests */,
				37BC22D0200C5CAC00AAFB5A /* Products */,
			);
			sourceTree = "<group>";
		};
		37BC22D0200C5CAC00AAFB5A /* Products */ = {
			isa = PBXGroup;
			children = (
				37BC22CF200C5CAC00AAFB5A /* LXRouter.app */,
				37BC22E8200C5CAC00AAFB5A /* LXRouterTests.xctest */,
				37BC22F3200C5CAC00AAFB5A /* LXRouterUITests.xctest */,
			);
			name = Products;
			sourceTree = "<group>";
		};
		37BC22D1200C5CAC00AAFB5A /* LXRouter */ = {
			isa = PBXGroup;
			children = (
				37DD76F72080825E00A7ECCA /* LXRouter */,
				37DD76E920807B6400A7ECCA /* YYModel */,
				37135AE5208F166B0019ADA1 /* AFNetworking */,
				37DD76F82080828800A7ECCA /* Test */,
				37BC22D5200C5CAC00AAFB5A /* AppDelegate.h */,
				37BC22D6200C5CAC00AAFB5A /* AppDelegate.m */,
				37BC22DE200C5CAC00AAFB5A /* Assets.xcassets */,
				37BC22E0200C5CAC00AAFB5A /* LaunchScreen.storyboard */,
				37BC22E3200C5CAC00AAFB5A /* Info.plist */,
				37BC22D2200C5CAC00AAFB5A /* Supporting Files */,
			);
			path = LXRouter;
			sourceTree = "<group>";
		};
		37BC22D2200C5CAC00AAFB5A /* Supporting Files */ = {
			isa = PBXGroup;
			children = (
				37385868207B88CE001D34F4 /* sjt_JSTestBase.html */,
				37385866207B6314001D34F4 /* sjt_app.js */,
				37BC22D3200C5CAC00AAFB5A /* main.m */,
			);
			name = "Supporting Files";
			sourceTree = "<group>";
		};
		37BC22EB200C5CAC00AAFB5A /* LXRouterTests */ = {
			isa = PBXGroup;
			children = (
				37BC22EC200C5CAC00AAFB5A /* LXRouterTests.m */,
				37BC22EE200C5CAC00AAFB5A /* Info.plist */,
			);
			path = LXRouterTests;
			sourceTree = "<group>";
		};
		37BC22F6200C5CAC00AAFB5A /* LXRouterUITests */ = {
			isa = PBXGroup;
			children = (
				37BC22F7200C5CAC00AAFB5A /* LXRouterUITests.m */,
				37BC22F9200C5CAC00AAFB5A /* Info.plist */,
			);
			path = LXRouterUITests;
			sourceTree = "<group>";
		};
		37DD76E920807B6400A7ECCA /* YYModel */ = {
			isa = PBXGroup;
			children = (
				37DD76EA20807B6400A7ECCA /* YYClassInfo.h */,
				37DD76EB20807B6400A7ECCA /* YYModel.h */,
				37DD76EC20807B6400A7ECCA /* NSObject+YYModel.m */,
				37DD76ED20807B6400A7ECCA /* YYClassInfo.m */,
				37DD76EE20807B6400A7ECCA /* NSObject+YYModel.h */,
			);
			path = YYModel;
			sourceTree = "<group>";
		};
		37DD76F72080825E00A7ECCA /* LXRouter */ = {
			isa = PBXGroup;
			children = (
				37135AFC208F2DF80019ADA1 /* LXJSBridgeAnalysis */,
				37135ADF208F05020019ADA1 /* LXRouterTools */,
				37135AC82085E14B0019ADA1 /* LXJSONModel */,
				37BC230B200C7E7E00AAFB5A /* LXRouterInfo.h */,
				37BC230C200C7E7E00AAFB5A /* LXRouterInfo.m */,
				37BC2308200C7C0500AAFB5A /* LXRouter.h */,
				37BC2309200C7C0500AAFB5A /* LXRouter.m */,
				37135AD42089E78D0019ADA1 /* LXRouterPrivate.h */,
			);
			path = LXRouter;
			sourceTree = "<group>";
		};
		37DD76F82080828800A7ECCA /* Test */ = {
			isa = PBXGroup;
			children = (
				37135B0A209070640019ADA1 /* Models */,
				37135B092090704B0019ADA1 /* Controllers */,
			);
			path = Test;
			sourceTree = "<group>";
		};
/* End PBXGroup section */

/* Begin PBXNativeTarget section */
		37BC22CE200C5CAC00AAFB5A /* LXRouter */ = {
			isa = PBXNativeTarget;
			buildConfigurationList = 37BC22FC200C5CAC00AAFB5A /* Build configuration list for PBXNativeTarget "LXRouter" */;
			buildPhases = (
				37BC22CB200C5CAC00AAFB5A /* Sources */,
				37BC22CC200C5CAC00AAFB5A /* Frameworks */,
				37BC22CD200C5CAC00AAFB5A /* Resources */,
			);
			buildRules = (
			);
			dependencies = (
			);
			name = LXRouter;
			productName = LXRouter;
			productReference = 37BC22CF200C5CAC00AAFB5A /* LXRouter.app */;
			productType = "com.apple.product-type.application";
		};
		37BC22E7200C5CAC00AAFB5A /* LXRouterTests */ = {
			isa = PBXNativeTarget;
			buildConfigurationList = 37BC22FF200C5CAC00AAFB5A /* Build configuration list for PBXNativeTarget "LXRouterTests" */;
			buildPhases = (
				37BC22E4200C5CAC00AAFB5A /* Sources */,
				37BC22E5200C5CAC00AAFB5A /* Frameworks */,
				37BC22E6200C5CAC00AAFB5A /* Resources */,
			);
			buildRules = (
			);
			dependencies = (
				37BC22EA200C5CAC00AAFB5A /* PBXTargetDependency */,
			);
			name = LXRouterTests;
			productName = LXRouterTests;
			productReference = 37BC22E8200C5CAC00AAFB5A /* LXRouterTests.xctest */;
			productType = "com.apple.product-type.bundle.unit-test";
		};
		37BC22F2200C5CAC00AAFB5A /* LXRouterUITests */ = {
			isa = PBXNativeTarget;
			buildConfigurationList = 37BC2302200C5CAC00AAFB5A /* Build configuration list for PBXNativeTarget "LXRouterUITests" */;
			buildPhases = (
				37BC22EF200C5CAC00AAFB5A /* Sources */,
				37BC22F0200C5CAC00AAFB5A /* Frameworks */,
				37BC22F1200C5CAC00AAFB5A /* Resources */,
			);
			buildRules = (
			);
			dependencies = (
				37BC22F5200C5CAC00AAFB5A /* PBXTargetDependency */,
			);
			name = LXRouterUITests;
			productName = LXRouterUITests;
			productReference = 37BC22F3200C5CAC00AAFB5A /* LXRouterUITests.xctest */;
			productType = "com.apple.product-type.bundle.ui-testing";
		};
/* End PBXNativeTarget section */

/* Begin PBXProject section */
		37BC22C7200C5CAC00AAFB5A /* Project object */ = {
			isa = PBXProject;
			attributes = {
				LastUpgradeCheck = 0830;
				ORGANIZATIONNAME = LX;
				TargetAttributes = {
					37BC22CE200C5CAC00AAFB5A = {
						CreatedOnToolsVersion = 8.3.3;
						DevelopmentTeam = ESFF265BU6;
						ProvisioningStyle = Automatic;
					};
					37BC22E7200C5CAC00AAFB5A = {
						CreatedOnToolsVersion = 8.3.3;
						ProvisioningStyle = Automatic;
						TestTargetID = 37BC22CE200C5CAC00AAFB5A;
					};
					37BC22F2200C5CAC00AAFB5A = {
						CreatedOnToolsVersion = 8.3.3;
						ProvisioningStyle = Automatic;
						TestTargetID = 37BC22CE200C5CAC00AAFB5A;
					};
				};
			};
			buildConfigurationList = 37BC22CA200C5CAC00AAFB5A /* Build configuration list for PBXProject "LXRouter" */;
			compatibilityVersion = "Xcode 3.2";
			developmentRegion = English;
			hasScannedForEncodings = 0;
			knownRegions = (
				en,
				Base,
			);
			mainGroup = 37BC22C6200C5CAC00AAFB5A;
			productRefGroup = 37BC22D0200C5CAC00AAFB5A /* Products */;
			projectDirPath = "";
			projectRoot = "";
			targets = (
				37BC22CE200C5CAC00AAFB5A /* LXRouter */,
				37BC22E7200C5CAC00AAFB5A /* LXRouterTests */,
				37BC22F2200C5CAC00AAFB5A /* LXRouterUITests */,
			);
		};
/* End PBXProject section */

/* Begin PBXResourcesBuildPhase section */
		37BC22CD200C5CAC00AAFB5A /* Resources */ = {
			isa = PBXResourcesBuildPhase;
			buildActionMask = 2147483647;
			files = (
				375F7C7C209C2CE7003C50FC /* sjt_JSTestRun.html in Resources */,
				37385867207B6314001D34F4 /* sjt_app.js in Resources */,
				37BC22E2200C5CAC00AAFB5A /* LaunchScreen.storyboard in Resources */,
				37BC22DF200C5CAC00AAFB5A /* Assets.xcassets in Resources */,
				37385869207B88CE001D34F4 /* sjt_JSTestBase.html in Resources */,
				375F7C89209C3506003C50FC /* sjt_appBridge.js in Resources */,
			);
			runOnlyForDeploymentPostprocessing = 0;
		};
		37BC22E6200C5CAC00AAFB5A /* Resources */ = {
			isa = PBXResourcesBuildPhase;
			buildActionMask = 2147483647;
			files = (
			);
			runOnlyForDeploymentPostprocessing = 0;
		};
		37BC22F1200C5CAC00AAFB5A /* Resources */ = {
			isa = PBXResourcesBuildPhase;
			buildActionMask = 2147483647;
			files = (
			);
			runOnlyForDeploymentPostprocessing = 0;
		};
/* End PBXResourcesBuildPhase section */

/* Begin PBXSourcesBuildPhase section */
		37BC22CB200C5CAC00AAFB5A /* Sources */ = {
			isa = PBXSourcesBuildPhase;
			buildActionMask = 2147483647;
			files = (
				37DD76EF20807B6500A7ECCA /* NSObject+YYModel.m in Sources */,
				37135ADE208F04F10019ADA1 /* LXRouterInputValidate.m in Sources */,
				37135AE2208F06390019ADA1 /* LXParamsInfoTree.m in Sources */,
				375F7C85209C33E2003C50FC /* SJTPayResult.m in Sources */,
				37675DD52092F61D0049DE07 /* SJTOpenWebView.m in Sources */,
				37135AF5208F166B0019ADA1 /* AFURLSessionManager.m in Sources */,
				37135AF8208F166B0019ADA1 /* AFSecurityPolicy.m in Sources */,
				37385863207B52C4001D34F4 /* LXRouterTools.m in Sources */,
				37BC230D200C7E7E00AAFB5A /* LXRouterInfo.m in Sources */,
				37135AF6208F166B0019ADA1 /* AFURLRequestSerialization.m in Sources */,
				37675DCF2092D2A00049DE07 /* SJTCountEvent.m in Sources */,
				37135ADB208F04CB0019ADA1 /* LXJSCodeGenerator.m in Sources */,
				37135AF4208F166B0019ADA1 /* AFHTTPSessionManager.m in Sources */,
				37135AD02089938B0019ADA1 /* SJTPayModel.m in Sources */,
				37135B082090703C0019ADA1 /* JSTestWebViewController.m in Sources */,
				37135AFF208F2E610019ADA1 /* LXJSBridgeAnalysis.m in Sources */,
				37135AF3208F166B0019ADA1 /* AFURLResponseSerialization.m in Sources */,
				375F7C7F209C2D34003C50FC /* pay58TestViewController.m in Sources */,
				37BC22DA200C5CAC00AAFB5A /* ViewController.m in Sources */,
				37675DCC2092D01F0049DE07 /* SJTNativeImagePicker.m in Sources */,
				37DD76F52080821800A7ECCA /* TypeAnnotation.m in Sources */,
				37135AC72084A1B80019ADA1 /* NSObject+LXJsonModel.m in Sources */,
				37135AF7208F166B0019ADA1 /* AFNetworkReachabilityManager.m in Sources */,
				37BC22D7200C5CAC00AAFB5A /* AppDelegate.m in Sources */,
				37BC2310200DE14400AAFB5A /* TextViewController.m in Sources */,
				37BC2313200DE53100AAFB5A /* PresentViewController.m in Sources */,
				37BC22D4200C5CAC00AAFB5A /* main.m in Sources */,
				375F7C7A209C29B2003C50FC /* Pay58Controller.m in Sources */,
				37DD76F020807B6500A7ECCA /* YYClassInfo.m in Sources */,
				37675DD22092D3840049DE07 /* SJTOpenNative.m in Sources */,
				37675DD82092F7460049DE07 /* SJTPostGoods.m in Sources */,
				37BC230A200C7C0500AAFB5A /* LXRouter.m in Sources */,
			);
			runOnlyForDeploymentPostprocessing = 0;
		};
		37BC22E4200C5CAC00AAFB5A /* Sources */ = {
			isa = PBXSourcesBuildPhase;
			buildActionMask = 2147483647;
			files = (
				37BC22ED200C5CAC00AAFB5A /* LXRouterTests.m in Sources */,
			);
			runOnlyForDeploymentPostprocessing = 0;
		};
		37BC22EF200C5CAC00AAFB5A /* Sources */ = {
			isa = PBXSourcesBuildPhase;
			buildActionMask = 2147483647;
			files = (
				37BC22F8200C5CAC00AAFB5A /* LXRouterUITests.m in Sources */,
			);
			runOnlyForDeploymentPostprocessing = 0;
		};
/* End PBXSourcesBuildPhase section */

/* Begin PBXTargetDependency section */
		37BC22EA200C5CAC00AAFB5A /* PBXTargetDependency */ = {
			isa = PBXTargetDependency;
			target = 37BC22CE200C5CAC00AAFB5A /* LXRouter */;
			targetProxy = 37BC22E9200C5CAC00AAFB5A /* PBXContainerItemProxy */;
		};
		37BC22F5200C5CAC00AAFB5A /* PBXTargetDependency */ = {
			isa = PBXTargetDependency;
			target = 37BC22CE200C5CAC00AAFB5A /* LXRouter */;
			targetProxy = 37BC22F4200C5CAC00AAFB5A /* PBXContainerItemProxy */;
		};
/* End PBXTargetDependency section */

/* Begin PBXVariantGroup section */
		37BC22E0200C5CAC00AAFB5A /* LaunchScreen.storyboard */ = {
			isa = PBXVariantGroup;
			children = (
				37BC22E1200C5CAC00AAFB5A /* Base */,
			);
			name = LaunchScreen.storyboard;
			sourceTree = "<group>";
		};
/* End PBXVariantGroup section */

/* Begin XCBuildConfiguration section */
		37BC22FA200C5CAC00AAFB5A /* Debug */ = {
			isa = XCBuildConfiguration;
			buildSettings = {
				ALWAYS_SEARCH_USER_PATHS = NO;
				CLANG_ANALYZER_NONNULL = YES;
				CLANG_ANALYZER_NUMBER_OBJECT_CONVERSION = YES_AGGRESSIVE;
				CLANG_CXX_LANGUAGE_STANDARD = "gnu++0x";
				CLANG_CXX_LIBRARY = "libc++";
				CLANG_ENABLE_MODULES = YES;
				CLANG_ENABLE_OBJC_ARC = YES;
				CLANG_WARN_BOOL_CONVERSION = YES;
				CLANG_WARN_CONSTANT_CONVERSION = YES;
				CLANG_WARN_DIRECT_OBJC_ISA_USAGE = YES_ERROR;
				CLANG_WARN_DOCUMENTATION_COMMENTS = YES;
				CLANG_WARN_EMPTY_BODY = YES;
				CLANG_WARN_ENUM_CONVERSION = YES;
				CLANG_WARN_INFINITE_RECURSION = YES;
				CLANG_WARN_INT_CONVERSION = YES;
				CLANG_WARN_OBJC_ROOT_CLASS = YES_ERROR;
				CLANG_WARN_SUSPICIOUS_MOVE = YES;
				CLANG_WARN_UNREACHABLE_CODE = YES;
				CLANG_WARN__DUPLICATE_METHOD_MATCH = YES;
				"CODE_SIGN_IDENTITY[sdk=iphoneos*]" = "iPhone Developer";
				COPY_PHASE_STRIP = NO;
				DEBUG_INFORMATION_FORMAT = dwarf;
				ENABLE_STRICT_OBJC_MSGSEND = YES;
				ENABLE_TESTABILITY = YES;
				GCC_C_LANGUAGE_STANDARD = gnu99;
				GCC_DYNAMIC_NO_PIC = NO;
				GCC_NO_COMMON_BLOCKS = YES;
				GCC_OPTIMIZATION_LEVEL = 0;
				GCC_PREPROCESSOR_DEFINITIONS = (
					"DEBUG=1",
					"$(inherited)",
				);
				GCC_WARN_64_TO_32_BIT_CONVERSION = YES;
				GCC_WARN_ABOUT_RETURN_TYPE = YES_ERROR;
				GCC_WARN_UNDECLARED_SELECTOR = YES;
				GCC_WARN_UNINITIALIZED_AUTOS = YES_AGGRESSIVE;
				GCC_WARN_UNUSED_FUNCTION = YES;
				GCC_WARN_UNUSED_VARIABLE = YES;
				IPHONEOS_DEPLOYMENT_TARGET = 10.3;
				MTL_ENABLE_DEBUG_INFO = YES;
				ONLY_ACTIVE_ARCH = YES;
				SDKROOT = iphoneos;
				TARGETED_DEVICE_FAMILY = "1,2";
			};
			name = Debug;
		};
		37BC22FB200C5CAC00AAFB5A /* Release */ = {
			isa = XCBuildConfiguration;
			buildSettings = {
				ALWAYS_SEARCH_USER_PATHS = NO;
				CLANG_ANALYZER_NONNULL = YES;
				CLANG_ANALYZER_NUMBER_OBJECT_CONVERSION = YES_AGGRESSIVE;
				CLANG_CXX_LANGUAGE_STANDARD = "gnu++0x";
				CLANG_CXX_LIBRARY = "libc++";
				CLANG_ENABLE_MODULES = YES;
				CLANG_ENABLE_OBJC_ARC = YES;
				CLANG_WARN_BOOL_CONVERSION = YES;
				CLANG_WARN_CONSTANT_CONVERSION = YES;
				CLANG_WARN_DIRECT_OBJC_ISA_USAGE = YES_ERROR;
				CLANG_WARN_DOCUMENTATION_COMMENTS = YES;
				CLANG_WARN_EMPTY_BODY = YES;
				CLANG_WARN_ENUM_CONVERSION = YES;
				CLANG_WARN_INFINITE_RECURSION = YES;
				CLANG_WARN_INT_CONVERSION = YES;
				CLANG_WARN_OBJC_ROOT_CLASS = YES_ERROR;
				CLANG_WARN_SUSPICIOUS_MOVE = YES;
				CLANG_WARN_UNREACHABLE_CODE = YES;
				CLANG_WARN__DUPLICATE_METHOD_MATCH = YES;
				"CODE_SIGN_IDENTITY[sdk=iphoneos*]" = "iPhone Developer";
				COPY_PHASE_STRIP = NO;
				DEBUG_INFORMATION_FORMAT = "dwarf-with-dsym";
				ENABLE_NS_ASSERTIONS = NO;
				ENABLE_STRICT_OBJC_MSGSEND = YES;
				GCC_C_LANGUAGE_STANDARD = gnu99;
				GCC_NO_COMMON_BLOCKS = YES;
				GCC_WARN_64_TO_32_BIT_CONVERSION = YES;
				GCC_WARN_ABOUT_RETURN_TYPE = YES_ERROR;
				GCC_WARN_UNDECLARED_SELECTOR = YES;
				GCC_WARN_UNINITIALIZED_AUTOS = YES_AGGRESSIVE;
				GCC_WARN_UNUSED_FUNCTION = YES;
				GCC_WARN_UNUSED_VARIABLE = YES;
				IPHONEOS_DEPLOYMENT_TARGET = 10.3;
				MTL_ENABLE_DEBUG_INFO = NO;
				SDKROOT = iphoneos;
				TARGETED_DEVICE_FAMILY = "1,2";
				VALIDATE_PRODUCT = YES;
			};
			name = Release;
		};
		37BC22FD200C5CAC00AAFB5A /* Debug */ = {
			isa = XCBuildConfiguration;
			buildSettings = {
				ASSETCATALOG_COMPILER_APPICON_NAME = AppIcon;
				DEVELOPMENT_TEAM = ESFF265BU6;
				INFOPLIST_FILE = LXRouter/Info.plist;
				LD_RUNPATH_SEARCH_PATHS = "$(inherited) @executable_path/Frameworks";
				PRODUCT_BUNDLE_IDENTIFIER = LX.com.cn.LXRouter;
				PRODUCT_NAME = "$(TARGET_NAME)";
			};
			name = Debug;
		};
		37BC22FE200C5CAC00AAFB5A /* Release */ = {
			isa = XCBuildConfiguration;
			buildSettings = {
				ASSETCATALOG_COMPILER_APPICON_NAME = AppIcon;
				DEVELOPMENT_TEAM = ESFF265BU6;
				INFOPLIST_FILE = LXRouter/Info.plist;
				LD_RUNPATH_SEARCH_PATHS = "$(inherited) @executable_path/Frameworks";
				PRODUCT_BUNDLE_IDENTIFIER = LX.com.cn.LXRouter;
				PRODUCT_NAME = "$(TARGET_NAME)";
			};
			name = Release;
		};
		37BC2300200C5CAC00AAFB5A /* Debug */ = {
			isa = XCBuildConfiguration;
			buildSettings = {
				BUNDLE_LOADER = "$(TEST_HOST)";
				INFOPLIST_FILE = LXRouterTests/Info.plist;
				LD_RUNPATH_SEARCH_PATHS = "$(inherited) @executable_path/Frameworks @loader_path/Frameworks";
				PRODUCT_BUNDLE_IDENTIFIER = LX.com.cn.LXRouterTests;
				PRODUCT_NAME = "$(TARGET_NAME)";
				TEST_HOST = "$(BUILT_PRODUCTS_DIR)/LXRouter.app/LXRouter";
			};
			name = Debug;
		};
		37BC2301200C5CAC00AAFB5A /* Release */ = {
			isa = XCBuildConfiguration;
			buildSettings = {
				BUNDLE_LOADER = "$(TEST_HOST)";
				INFOPLIST_FILE = LXRouterTests/Info.plist;
				LD_RUNPATH_SEARCH_PATHS = "$(inherited) @executable_path/Frameworks @loader_path/Frameworks";
				PRODUCT_BUNDLE_IDENTIFIER = LX.com.cn.LXRouterTests;
				PRODUCT_NAME = "$(TARGET_NAME)";
				TEST_HOST = "$(BUILT_PRODUCTS_DIR)/LXRouter.app/LXRouter";
			};
			name = Release;
		};
		37BC2303200C5CAC00AAFB5A /* Debug */ = {
			isa = XCBuildConfiguration;
			buildSettings = {
				INFOPLIST_FILE = LXRouterUITests/Info.plist;
				LD_RUNPATH_SEARCH_PATHS = "$(inherited) @executable_path/Frameworks @loader_path/Frameworks";
				PRODUCT_BUNDLE_IDENTIFIER = LX.com.cn.LXRouterUITests;
				PRODUCT_NAME = "$(TARGET_NAME)";
				TEST_TARGET_NAME = LXRouter;
			};
			name = Debug;
		};
		37BC2304200C5CAC00AAFB5A /* Release */ = {
			isa = XCBuildConfiguration;
			buildSettings = {
				INFOPLIST_FILE = LXRouterUITests/Info.plist;
				LD_RUNPATH_SEARCH_PATHS = "$(inherited) @executable_path/Frameworks @loader_path/Frameworks";
				PRODUCT_BUNDLE_IDENTIFIER = LX.com.cn.LXRouterUITests;
				PRODUCT_NAME = "$(TARGET_NAME)";
				TEST_TARGET_NAME = LXRouter;
			};
			name = Release;
		};
/* End XCBuildConfiguration section */

/* Begin XCConfigurationList section */
		37BC22CA200C5CAC00AAFB5A /* Build configuration list for PBXProject "LXRouter" */ = {
			isa = XCConfigurationList;
			buildConfigurations = (
				37BC22FA200C5CAC00AAFB5A /* Debug */,
				37BC22FB200C5CAC00AAFB5A /* Release */,
			);
			defaultConfigurationIsVisible = 0;
			defaultConfigurationName = Release;
		};
		37BC22FC200C5CAC00AAFB5A /* Build configuration list for PBXNativeTarget "LXRouter" */ = {
			isa = XCConfigurationList;
			buildConfigurations = (
				37BC22FD200C5CAC00AAFB5A /* Debug */,
				37BC22FE200C5CAC00AAFB5A /* Release */,
			);
			defaultConfigurationIsVisible = 0;
			defaultConfigurationName = Release;
		};
		37BC22FF200C5CAC00AAFB5A /* Build configuration list for PBXNativeTarget "LXRouterTests" */ = {
			isa = XCConfigurationList;
			buildConfigurations = (
				37BC2300200C5CAC00AAFB5A /* Debug */,
				37BC2301200C5CAC00AAFB5A /* Release */,
			);
			defaultConfigurationIsVisible = 0;
			defaultConfigurationName = Release;
		};
		37BC2302200C5CAC00AAFB5A /* Build configuration list for PBXNativeTarget "LXRouterUITests" */ = {
			isa = XCConfigurationList;
			buildConfigurations = (
				37BC2303200C5CAC00AAFB5A /* Debug */,
				37BC2304200C5CAC00AAFB5A /* Release */,
			);
			defaultConfigurationIsVisible = 0;
			defaultConfigurationName = Release;
		};
/* End XCConfigurationList section */
	};
	rootObject = 37BC22C7200C5CAC00AAFB5A /* Project object */;
}
